
Microsoft Visual Studio Solution File, Format Version 12.00
# Visual Studio Version 17
VisualStudioVersion = 17.5.002.0
MinimumVisualStudioVersion = 10.0.40219.1
Project("{9A19103F-16F7-4668-BE54-9A1E7A4F7556}") = "CompilerProject", "CompilerProject.csproj", "{B3A1312C-20EC-4B6D-8A24-E35F3DA687A6}"
EndProject
Global
	GlobalSection(SolutionConfigurationPlatforms) = preSolution
		Debug|Any CPU = Debug|Any CPU
		Release|Any CPU = Release|Any CPU
	EndGlobalSection
	GlobalSection(ProjectConfigurationPlatforms) = postSolution
		{B3A1312C-20EC-4B6D-8A24-E35F3DA687A6}.Debug|Any CPU.ActiveCfg = Debug|Any CPU
		{B3A1312C-20EC-4B6D-8A24-E35F3DA687A6}.Debug|Any CPU.Build.0 = Debug|Any CPU
		{B3A1312C-20EC-4B6D-8A24-E35F3DA687A6}.Release|Any CPU.ActiveCfg = Release|Any CPU
		{B3A1312C-20EC-4B6D-8A24-E35F3DA687A6}.Release|Any CPU.Build.0 = Release|Any CPU
	EndGlobalSection
	GlobalSection(SolutionProperties) = preSolution
		HideSolutionNode = FALSE
	EndGlobalSection
	GlobalSection(ExtensibilityGlobals) = postSolution
		SolutionGuid = {D5061BC0-6A03-44E7-AF0B-9332ACFC0B80}
	EndGlobalSection
EndGlobal
